{
  "name": "@ham2k/lib-cqmag-data",
  "version": "0.0.2",
  "lockfileVersion": 3,
  "requires": true,
  "packages": {
    "": {
      "name": "@ham2k/lib-cqmag-data",
      "version": "0.0.2",
      "devDependencies": {
        "@ham2k/lib-country-files": "^0.0.1",
        "@ham2k/lib-dxcc-data": "^0.0.1"
      }
    },
    "../lib-country-files": {
      "name": "@ham2k/lib-country-files",
      "version": "0.0.1",
      "dev": true
    },
    "node_modules/@ham2k/lib-country-files": {
      "resolved": "../lib-country-files",
      "link": true
    },
    "node_modules/@ham2k/lib-dxcc-data": {
      "version": "0.0.1",
      "resolved": "https://registry.npmjs.org/@ham2k/lib-dxcc-data/-/lib-dxcc-data-0.0.1.tgz",
      "integrity": "sha512-X/cmIsgtQmYxGhfjkBjWAtlGsk6e8qksZMoai13Ieh9kS/UHbxZH7D/XvDyP935FL9nSXpSCqWYLMe0wGdhroA==",
      "dev": true
    }
  }
}
